
Microsoft Visual Studio Solution File, Format Version 12.00
# Visual Studio Version 16
VisualStudioVersion = 16.0.30309.148
MinimumVisualStudioVersion = 10.0.40219.1
Project("{FAE04EC0-301F-11D3-BF4B-00C04F79EFBC}") = "Configurate", "Configurate\Configurate.csproj", "{244E68D9-8095-4ADD-B562-223BD45D2A51}"
EndProject
Global
	GlobalSection(SolutionConfigurationPlatforms) = preSolution
		Debug|Any CPU = Debug|Any CPU
		Release|Any CPU = Release|Any CPU
	EndGlobalSection
	GlobalSection(ProjectConfigurationPlatforms) = postSolution
		{244E68D9-8095-4ADD-B562-223BD45D2A51}.Debug|Any CPU.ActiveCfg = Debug|Any CPU
		{244E68D9-8095-4ADD-B562-223BD45D2A51}.Debug|Any CPU.Build.0 = Debug|Any CPU
		{244E68D9-8095-4ADD-B562-223BD45D2A51}.Release|Any CPU.ActiveCfg = Release|Any CPU
		{244E68D9-8095-4ADD-B562-223BD45D2A51}.Release|Any CPU.Build.0 = Release|Any CPU
	EndGlobalSection
	GlobalSection(SolutionProperties) = preSolution
		HideSolutionNode = FALSE
	EndGlobalSection
	GlobalSection(ExtensibilityGlobals) = postSolution
		SolutionGuid = {E7DECCC9-3F60-4A20-8EF4-3AC419EADEC5}
	EndGlobalSection
EndGlobal
